
Microsoft Visual Studio Solution File, Format Version 12.00
# Visual Studio Version 16
VisualStudioVersion = 16.0.29613.14
MinimumVisualStudioVersion = 10.0.40219.1
Project("{FAE04EC0-301F-11D3-BF4B-00C04F79EFBC}") = "Remuxer", "Remuxer\Remuxer.csproj", "{755B2ED6-5539-479A-87EB-25E40BC37540}"
	ProjectSection(ProjectDependencies) = postProject
		{EBEBED4A-5B1A-4EB2-85FE-6E73C88B50DE} = {EBEBED4A-5B1A-4EB2-85FE-6E73C88B50DE}
		{C118ACA9-74E7-4433-8433-452B33A77716} = {C118ACA9-74E7-4433-8433-452B33A77716}
	EndProjectSection
EndProject
Project("{8BC9CEB8-8B4A-11D0-8D11-00A0C91BC942}") = "libRemuxer", "libRemuxer\libRemuxer.vcxproj", "{EBEBED4A-5B1A-4EB2-85FE-6E73C88B50DE}"
	ProjectSection(ProjectDependencies) = postProject
		{C118ACA9-74E7-4433-8433-452B33A77716} = {C118ACA9-74E7-4433-8433-452B33A77716}
	EndProjectSection
EndProject
Project("{8BC9CEB8-8B4A-11D0-8D11-00A0C91BC942}") = "libmikmod", "libRemuxer\libmikmod\win32\VS2005\libmikmod.vcxproj", "{C118ACA9-74E7-4433-8433-452B33A77716}"
EndProject
Global
	GlobalSection(SolutionConfigurationPlatforms) = preSolution
		Debug|Any CPU = Debug|Any CPU
		Debug|x64 = Debug|x64
		Debug|x86 = Debug|x86
		Release|Any CPU = Release|Any CPU
		Release|x64 = Release|x64
		Release|x86 = Release|x86
	EndGlobalSection
	GlobalSection(ProjectConfigurationPlatforms) = postSolution
		{755B2ED6-5539-479A-87EB-25E40BC37540}.Debug|Any CPU.ActiveCfg = Debug|Any CPU
		{755B2ED6-5539-479A-87EB-25E40BC37540}.Debug|Any CPU.Build.0 = Debug|Any CPU
		{755B2ED6-5539-479A-87EB-25E40BC37540}.Debug|x64.ActiveCfg = Debug|Any CPU
		{755B2ED6-5539-479A-87EB-25E40BC37540}.Debug|x64.Build.0 = Debug|Any CPU
		{755B2ED6-5539-479A-87EB-25E40BC37540}.Debug|x86.ActiveCfg = Debug|Any CPU
		{755B2ED6-5539-479A-87EB-25E40BC37540}.Debug|x86.Build.0 = Debug|Any CPU
		{755B2ED6-5539-479A-87EB-25E40BC37540}.Release|Any CPU.ActiveCfg = Release|Any CPU
		{755B2ED6-5539-479A-87EB-25E40BC37540}.Release|Any CPU.Build.0 = Release|Any CPU
		{755B2ED6-5539-479A-87EB-25E40BC37540}.Release|x64.ActiveCfg = Release|Any CPU
		{755B2ED6-5539-479A-87EB-25E40BC37540}.Release|x64.Build.0 = Release|Any CPU
		{755B2ED6-5539-479A-87EB-25E40BC37540}.Release|x86.ActiveCfg = Release|Any CPU
		{755B2ED6-5539-479A-87EB-25E40BC37540}.Release|x86.Build.0 = Release|Any CPU
		{EBEBED4A-5B1A-4EB2-85FE-6E73C88B50DE}.Debug|Any CPU.ActiveCfg = Debug|x64
		{EBEBED4A-5B1A-4EB2-85FE-6E73C88B50DE}.Debug|Any CPU.Build.0 = Debug|x64
		{EBEBED4A-5B1A-4EB2-85FE-6E73C88B50DE}.Debug|x64.ActiveCfg = Debug|x64
		{EBEBED4A-5B1A-4EB2-85FE-6E73C88B50DE}.Debug|x64.Build.0 = Debug|x64
		{EBEBED4A-5B1A-4EB2-85FE-6E73C88B50DE}.Debug|x86.ActiveCfg = Debug|Win32
		{EBEBED4A-5B1A-4EB2-85FE-6E73C88B50DE}.Debug|x86.Build.0 = Debug|Win32
		{EBEBED4A-5B1A-4EB2-85FE-6E73C88B50DE}.Release|Any CPU.ActiveCfg = Release|x64
		{EBEBED4A-5B1A-4EB2-85FE-6E73C88B50DE}.Release|Any CPU.Build.0 = Release|x64
		{EBEBED4A-5B1A-4EB2-85FE-6E73C88B50DE}.Release|x64.ActiveCfg = Release|x64
		{EBEBED4A-5B1A-4EB2-85FE-6E73C88B50DE}.Release|x64.Build.0 = Release|x64
		{EBEBED4A-5B1A-4EB2-85FE-6E73C88B50DE}.Release|x86.ActiveCfg = Release|Win32
		{EBEBED4A-5B1A-4EB2-85FE-6E73C88B50DE}.Release|x86.Build.0 = Release|Win32
		{C118ACA9-74E7-4433-8433-452B33A77716}.Debug|Any CPU.ActiveCfg = Debug|Win32
		{C118ACA9-74E7-4433-8433-452B33A77716}.Debug|x64.ActiveCfg = Debug|x64
		{C118ACA9-74E7-4433-8433-452B33A77716}.Debug|x64.Build.0 = Debug|x64
		{C118ACA9-74E7-4433-8433-452B33A77716}.Debug|x86.ActiveCfg = Debug|Win32
		{C118ACA9-74E7-4433-8433-452B33A77716}.Debug|x86.Build.0 = Debug|Win32
		{C118ACA9-74E7-4433-8433-452B33A77716}.Release|Any CPU.ActiveCfg = Release|Win32
		{C118ACA9-74E7-4433-8433-452B33A77716}.Release|x64.ActiveCfg = Release|x64
		{C118ACA9-74E7-4433-8433-452B33A77716}.Release|x64.Build.0 = Release|x64
		{C118ACA9-74E7-4433-8433-452B33A77716}.Release|x86.ActiveCfg = Release|Win32
		{C118ACA9-74E7-4433-8433-452B33A77716}.Release|x86.Build.0 = Release|Win32
	EndGlobalSection
	GlobalSection(SolutionProperties) = preSolution
		HideSolutionNode = FALSE
	EndGlobalSection
	GlobalSection(ExtensibilityGlobals) = postSolution
		SolutionGuid = {E9184D77-A5E9-47C7-9703-FFA5B6F3DE8C}
	EndGlobalSection
EndGlobal
